
Microsoft Visual Studio Solution File, Format Version 12.00
# Visual Studio Version 17
VisualStudioVersion = 17.4.33205.214
MinimumVisualStudioVersion = 10.0.40219.1
Project("{FAE04EC0-301F-11D3-BF4B-00C04F79EFBC}") = "TranslationAPI", "TranslationAPI\TranslationAPI.csproj", "{38C3973C-CAC6-41D8-9F30-59FE7BE16A13}"
EndProject
Global
	GlobalSection(SolutionConfigurationPlatforms) = preSolution
		Debug|Any CPU = Debug|Any CPU
		Release|Any CPU = Release|Any CPU
	EndGlobalSection
	GlobalSection(ProjectConfigurationPlatforms) = postSolution
		{38C3973C-CAC6-41D8-9F30-59FE7BE16A13}.Debug|Any CPU.ActiveCfg = Debug|Any CPU
		{38C3973C-CAC6-41D8-9F30-59FE7BE16A13}.Debug|Any CPU.Build.0 = Debug|Any CPU
		{38C3973C-CAC6-41D8-9F30-59FE7BE16A13}.Release|Any CPU.ActiveCfg = Release|Any CPU
		{38C3973C-CAC6-41D8-9F30-59FE7BE16A13}.Release|Any CPU.Build.0 = Release|Any CPU
	EndGlobalSection
	GlobalSection(SolutionProperties) = preSolution
		HideSolutionNode = FALSE
	EndGlobalSection
	GlobalSection(ExtensibilityGlobals) = postSolution
		SolutionGuid = {C43A9998-30CF-4780-88BF-17DA5B5E2C7E}
	EndGlobalSection
EndGlobal
